
Microsoft Visual Studio Solution File, Format Version 11.00
# Visual Studio 2010
Project("{FAE04EC0-301F-11D3-BF4B-00C04F79EFBC}") = "Assembly-CSharp", "Assembly-CSharp.csproj", "{1AF7E356-2D58-7119-FE6C-C1ED31A62E64}"
EndProject
Project("{FAE04EC0-301F-11D3-BF4B-00C04F79EFBC}") = "Oculus.VR", "Oculus.VR.csproj", "{21011D0B-DEFC-A951-5FCB-08931977CBED}"
EndProject
Project("{FAE04EC0-301F-11D3-BF4B-00C04F79EFBC}") = "Assembly-CSharp-Editor", "Assembly-CSharp-Editor.csproj", "{04566140-20BA-321C-B1D3-A17B3E091F1C}"
EndProject
Project("{FAE04EC0-301F-11D3-BF4B-00C04F79EFBC}") = "Oculus.VR.Scripts.Editor", "Oculus.VR.Scripts.Editor.csproj", "{F3D74914-2070-A62E-AA58-12D113020AD3}"
EndProject
Project("{FAE04EC0-301F-11D3-BF4B-00C04F79EFBC}") = "Oculus.VR.Editor", "Oculus.VR.Editor.csproj", "{6654D0A7-173B-99B6-7C40-4611E2477939}"
EndProject
Global
	GlobalSection(SolutionConfigurationPlatforms) = preSolution
		Debug|Any CPU = Debug|Any CPU
		Release|Any CPU = Release|Any CPU
	EndGlobalSection
	GlobalSection(ProjectConfigurationPlatforms) = postSolution
		{1AF7E356-2D58-7119-FE6C-C1ED31A62E64}.Debug|Any CPU.ActiveCfg = Debug|Any CPU
		{1AF7E356-2D58-7119-FE6C-C1ED31A62E64}.Debug|Any CPU.Build.0 = Debug|Any CPU
		{1AF7E356-2D58-7119-FE6C-C1ED31A62E64}.Release|Any CPU.ActiveCfg = Release|Any CPU
		{1AF7E356-2D58-7119-FE6C-C1ED31A62E64}.Release|Any CPU.Build.0 = Release|Any CPU
		{21011D0B-DEFC-A951-5FCB-08931977CBED}.Debug|Any CPU.ActiveCfg = Debug|Any CPU
		{21011D0B-DEFC-A951-5FCB-08931977CBED}.Debug|Any CPU.Build.0 = Debug|Any CPU
		{21011D0B-DEFC-A951-5FCB-08931977CBED}.Release|Any CPU.ActiveCfg = Release|Any CPU
		{21011D0B-DEFC-A951-5FCB-08931977CBED}.Release|Any CPU.Build.0 = Release|Any CPU
		{04566140-20BA-321C-B1D3-A17B3E091F1C}.Debug|Any CPU.ActiveCfg = Debug|Any CPU
		{04566140-20BA-321C-B1D3-A17B3E091F1C}.Debug|Any CPU.Build.0 = Debug|Any CPU
		{04566140-20BA-321C-B1D3-A17B3E091F1C}.Release|Any CPU.ActiveCfg = Release|Any CPU
		{04566140-20BA-321C-B1D3-A17B3E091F1C}.Release|Any CPU.Build.0 = Release|Any CPU
		{F3D74914-2070-A62E-AA58-12D113020AD3}.Debug|Any CPU.ActiveCfg = Debug|Any CPU
		{F3D74914-2070-A62E-AA58-12D113020AD3}.Debug|Any CPU.Build.0 = Debug|Any CPU
		{F3D74914-2070-A62E-AA58-12D113020AD3}.Release|Any CPU.ActiveCfg = Release|Any CPU
		{F3D74914-2070-A62E-AA58-12D113020AD3}.Release|Any CPU.Build.0 = Release|Any CPU
		{6654D0A7-173B-99B6-7C40-4611E2477939}.Debug|Any CPU.ActiveCfg = Debug|Any CPU
		{6654D0A7-173B-99B6-7C40-4611E2477939}.Debug|Any CPU.Build.0 = Debug|Any CPU
		{6654D0A7-173B-99B6-7C40-4611E2477939}.Release|Any CPU.ActiveCfg = Release|Any CPU
		{6654D0A7-173B-99B6-7C40-4611E2477939}.Release|Any CPU.Build.0 = Release|Any CPU
	EndGlobalSection
	GlobalSection(SolutionProperties) = preSolution
		HideSolutionNode = FALSE
	EndGlobalSection
EndGlobal
